
Microsoft Visual Studio Solution File, Format Version 12.00
# Visual Studio Version 16
VisualStudioVersion = 16.0.31129.286
MinimumVisualStudioVersion = 10.0.40219.1
Project("{9A19103F-16F7-4668-BE54-9A1E7A4F7556}") = "01.SingleInheritance", "01.SingleInheritance\01.SingleInheritance.csproj", "{2A027852-AC5D-4DA3-9B1E-565D8994EAA4}"
EndProject
Project("{9A19103F-16F7-4668-BE54-9A1E7A4F7556}") = "02.RandomList", "02.RandomList\02.RandomList.csproj", "{92386141-8E3D-4E2A-A2F2-A85FE641C270}"
EndProject
Project("{FAE04EC0-301F-11D3-BF4B-00C04F79EFBC}") = "03.StackOfStrings", "05.StackOfStrings\03.StackOfStrings.csproj", "{1AD3D3B9-778F-4901-A631-DF80919FBD4B}"
EndProject
Global
	GlobalSection(SolutionConfigurationPlatforms) = preSolution
		Debug|Any CPU = Debug|Any CPU
		Release|Any CPU = Release|Any CPU
	EndGlobalSection
	GlobalSection(ProjectConfigurationPlatforms) = postSolution
		{2A027852-AC5D-4DA3-9B1E-565D8994EAA4}.Debug|Any CPU.ActiveCfg = Debug|Any CPU
		{2A027852-AC5D-4DA3-9B1E-565D8994EAA4}.Debug|Any CPU.Build.0 = Debug|Any CPU
		{2A027852-AC5D-4DA3-9B1E-565D8994EAA4}.Release|Any CPU.ActiveCfg = Release|Any CPU
		{2A027852-AC5D-4DA3-9B1E-565D8994EAA4}.Release|Any CPU.Build.0 = Release|Any CPU
		{92386141-8E3D-4E2A-A2F2-A85FE641C270}.Debug|Any CPU.ActiveCfg = Debug|Any CPU
		{92386141-8E3D-4E2A-A2F2-A85FE641C270}.Debug|Any CPU.Build.0 = Debug|Any CPU
		{92386141-8E3D-4E2A-A2F2-A85FE641C270}.Release|Any CPU.ActiveCfg = Release|Any CPU
		{92386141-8E3D-4E2A-A2F2-A85FE641C270}.Release|Any CPU.Build.0 = Release|Any CPU
		{1AD3D3B9-778F-4901-A631-DF80919FBD4B}.Debug|Any CPU.ActiveCfg = Debug|Any CPU
		{1AD3D3B9-778F-4901-A631-DF80919FBD4B}.Debug|Any CPU.Build.0 = Debug|Any CPU
		{1AD3D3B9-778F-4901-A631-DF80919FBD4B}.Release|Any CPU.ActiveCfg = Release|Any CPU
		{1AD3D3B9-778F-4901-A631-DF80919FBD4B}.Release|Any CPU.Build.0 = Release|Any CPU
	EndGlobalSection
	GlobalSection(SolutionProperties) = preSolution
		HideSolutionNode = FALSE
	EndGlobalSection
	GlobalSection(ExtensibilityGlobals) = postSolution
		SolutionGuid = {664E81B8-7CB3-4D0D-A868-0608A3D6BF1D}
	EndGlobalSection
EndGlobal
