
Microsoft Visual Studio Solution File, Format Version 12.00
# Visual Studio Version 16
VisualStudioVersion = 16.0.31129.286
MinimumVisualStudioVersion = 10.0.40219.1
Project("{9A19103F-16F7-4668-BE54-9A1E7A4F7556}") = "Raiding", "Raiding\Raiding.csproj", "{15557973-8EF4-42BB-8B4B-AEEC1EF26FA6}"
EndProject
Project("{9A19103F-16F7-4668-BE54-9A1E7A4F7556}") = "WildFarm", "WildFarm\WildFarm.csproj", "{7BA6004D-80BA-4752-94EA-EC500494D576}"
EndProject
Project("{FAE04EC0-301F-11D3-BF4B-00C04F79EFBC}") = "Vehicles", "Vehicles\Vehicles.csproj", "{A5AEF3F1-0E65-43CE-9029-DEB9BCA147A8}"
EndProject
Global
	GlobalSection(SolutionConfigurationPlatforms) = preSolution
		Debug|Any CPU = Debug|Any CPU
		Release|Any CPU = Release|Any CPU
	EndGlobalSection
	GlobalSection(ProjectConfigurationPlatforms) = postSolution
		{15557973-8EF4-42BB-8B4B-AEEC1EF26FA6}.Debug|Any CPU.ActiveCfg = Debug|Any CPU
		{15557973-8EF4-42BB-8B4B-AEEC1EF26FA6}.Debug|Any CPU.Build.0 = Debug|Any CPU
		{15557973-8EF4-42BB-8B4B-AEEC1EF26FA6}.Release|Any CPU.ActiveCfg = Release|Any CPU
		{15557973-8EF4-42BB-8B4B-AEEC1EF26FA6}.Release|Any CPU.Build.0 = Release|Any CPU
		{7BA6004D-80BA-4752-94EA-EC500494D576}.Debug|Any CPU.ActiveCfg = Debug|Any CPU
		{7BA6004D-80BA-4752-94EA-EC500494D576}.Debug|Any CPU.Build.0 = Debug|Any CPU
		{7BA6004D-80BA-4752-94EA-EC500494D576}.Release|Any CPU.ActiveCfg = Release|Any CPU
		{7BA6004D-80BA-4752-94EA-EC500494D576}.Release|Any CPU.Build.0 = Release|Any CPU
		{A5AEF3F1-0E65-43CE-9029-DEB9BCA147A8}.Debug|Any CPU.ActiveCfg = Debug|Any CPU
		{A5AEF3F1-0E65-43CE-9029-DEB9BCA147A8}.Debug|Any CPU.Build.0 = Debug|Any CPU
		{A5AEF3F1-0E65-43CE-9029-DEB9BCA147A8}.Release|Any CPU.ActiveCfg = Release|Any CPU
		{A5AEF3F1-0E65-43CE-9029-DEB9BCA147A8}.Release|Any CPU.Build.0 = Release|Any CPU
	EndGlobalSection
	GlobalSection(SolutionProperties) = preSolution
		HideSolutionNode = FALSE
	EndGlobalSection
	GlobalSection(ExtensibilityGlobals) = postSolution
		SolutionGuid = {C10D9696-9157-4633-BB47-1F3547B9A3EC}
	EndGlobalSection
EndGlobal
