
Microsoft Visual Studio Solution File, Format Version 12.00
# Visual Studio Version 16
VisualStudioVersion = 16.0.31129.286
MinimumVisualStudioVersion = 10.0.40219.1
Project("{FAE04EC0-301F-11D3-BF4B-00C04F79EFBC}") = "01.ReverseStrings", "01.ReverseStrings\01.ReverseStrings.csproj", "{83BF351C-B502-49A2-9D3C-4C5C098399F8}"
EndProject
Project("{FAE04EC0-301F-11D3-BF4B-00C04F79EFBC}") = "02.RepeatStrings", "02.RepeatStrings\02.RepeatStrings.csproj", "{FC510B80-6D94-4D81-A40B-A547AB49DBFE}"
EndProject
Project("{FAE04EC0-301F-11D3-BF4B-00C04F79EFBC}") = "03.Substring", "03.Substring\03.Substring.csproj", "{3158EA0A-CCD6-4CAF-8D0D-9368AF2FE6BF}"
EndProject
Project("{FAE04EC0-301F-11D3-BF4B-00C04F79EFBC}") = "04.TextFilter", "04.TextFilter\04.TextFilter.csproj", "{712D2981-D2B3-4991-AF2E-D3773CB3A21C}"
EndProject
Project("{FAE04EC0-301F-11D3-BF4B-00C04F79EFBC}") = "05.Digits,LettersAndOther", "05.Digits,LettersAndOther\05.Digits,LettersAndOther.csproj", "{8528EC0E-92F9-456B-8A77-90C85B868ECE}"
EndProject
Global
	GlobalSection(SolutionConfigurationPlatforms) = preSolution
		Debug|Any CPU = Debug|Any CPU
		Release|Any CPU = Release|Any CPU
	EndGlobalSection
	GlobalSection(ProjectConfigurationPlatforms) = postSolution
		{83BF351C-B502-49A2-9D3C-4C5C098399F8}.Debug|Any CPU.ActiveCfg = Debug|Any CPU
		{83BF351C-B502-49A2-9D3C-4C5C098399F8}.Debug|Any CPU.Build.0 = Debug|Any CPU
		{83BF351C-B502-49A2-9D3C-4C5C098399F8}.Release|Any CPU.ActiveCfg = Release|Any CPU
		{83BF351C-B502-49A2-9D3C-4C5C098399F8}.Release|Any CPU.Build.0 = Release|Any CPU
		{FC510B80-6D94-4D81-A40B-A547AB49DBFE}.Debug|Any CPU.ActiveCfg = Debug|Any CPU
		{FC510B80-6D94-4D81-A40B-A547AB49DBFE}.Debug|Any CPU.Build.0 = Debug|Any CPU
		{FC510B80-6D94-4D81-A40B-A547AB49DBFE}.Release|Any CPU.ActiveCfg = Release|Any CPU
		{FC510B80-6D94-4D81-A40B-A547AB49DBFE}.Release|Any CPU.Build.0 = Release|Any CPU
		{3158EA0A-CCD6-4CAF-8D0D-9368AF2FE6BF}.Debug|Any CPU.ActiveCfg = Debug|Any CPU
		{3158EA0A-CCD6-4CAF-8D0D-9368AF2FE6BF}.Debug|Any CPU.Build.0 = Debug|Any CPU
		{3158EA0A-CCD6-4CAF-8D0D-9368AF2FE6BF}.Release|Any CPU.ActiveCfg = Release|Any CPU
		{3158EA0A-CCD6-4CAF-8D0D-9368AF2FE6BF}.Release|Any CPU.Build.0 = Release|Any CPU
		{712D2981-D2B3-4991-AF2E-D3773CB3A21C}.Debug|Any CPU.ActiveCfg = Debug|Any CPU
		{712D2981-D2B3-4991-AF2E-D3773CB3A21C}.Debug|Any CPU.Build.0 = Debug|Any CPU
		{712D2981-D2B3-4991-AF2E-D3773CB3A21C}.Release|Any CPU.ActiveCfg = Release|Any CPU
		{712D2981-D2B3-4991-AF2E-D3773CB3A21C}.Release|Any CPU.Build.0 = Release|Any CPU
		{8528EC0E-92F9-456B-8A77-90C85B868ECE}.Debug|Any CPU.ActiveCfg = Debug|Any CPU
		{8528EC0E-92F9-456B-8A77-90C85B868ECE}.Debug|Any CPU.Build.0 = Debug|Any CPU
		{8528EC0E-92F9-456B-8A77-90C85B868ECE}.Release|Any CPU.ActiveCfg = Release|Any CPU
		{8528EC0E-92F9-456B-8A77-90C85B868ECE}.Release|Any CPU.Build.0 = Release|Any CPU
	EndGlobalSection
	GlobalSection(SolutionProperties) = preSolution
		HideSolutionNode = FALSE
	EndGlobalSection
	GlobalSection(ExtensibilityGlobals) = postSolution
		SolutionGuid = {343C542A-2B8D-443F-97F7-2D5E54130F13}
	EndGlobalSection
EndGlobal
