
Microsoft Visual Studio Solution File, Format Version 12.00
# Visual Studio Version 16
VisualStudioVersion = 16.0.31129.286
MinimumVisualStudioVersion = 10.0.40219.1
Project("{9A19103F-16F7-4668-BE54-9A1E7A4F7556}") = "01.BasicStackOperations", "01.BasicStackOperations\01.BasicStackOperations.csproj", "{A24F1696-99D6-4DF5-A6E1-E8EE2E7A3C7A}"
EndProject
Project("{9A19103F-16F7-4668-BE54-9A1E7A4F7556}") = "02.BasicQueueOperations", "02.BasicQueueOperations\02.BasicQueueOperations.csproj", "{872DF345-5E76-4677-8371-5B16509B1272}"
EndProject
Project("{FAE04EC0-301F-11D3-BF4B-00C04F79EFBC}") = "03.MaximumAndMinimumElement", "03.MaximumAndMinimumElement\03.MaximumAndMinimumElement.csproj", "{F4672A3F-4E3C-4BF2-A64C-2912618377F6}"
EndProject
Project("{FAE04EC0-301F-11D3-BF4B-00C04F79EFBC}") = "04.FastFood", "04.FastFood\04.FastFood.csproj", "{0196147C-47D4-4587-B5A4-14223C2B9A8A}"
EndProject
Project("{FAE04EC0-301F-11D3-BF4B-00C04F79EFBC}") = "05.FashionBoutique", "05.FashionBoutique\05.FashionBoutique.csproj", "{3C2399DE-45E4-4939-B34F-ACBEB49CA302}"
EndProject
Project("{FAE04EC0-301F-11D3-BF4B-00C04F79EFBC}") = "06.SongsQueue", "06.SongsQueue\06.SongsQueue.csproj", "{BF169870-7169-4604-9E14-AEDC9C5A589E}"
EndProject
Project("{FAE04EC0-301F-11D3-BF4B-00C04F79EFBC}") = "07.TruckTour", "07.TruckTour\07.TruckTour.csproj", "{3A630573-496C-4DE4-959D-35291FA34847}"
EndProject
Project("{FAE04EC0-301F-11D3-BF4B-00C04F79EFBC}") = "08.BalancedParenthesis", "08.BalancedParenthesis\08.BalancedParenthesis.csproj", "{75D3828E-14BF-49C3-B1B6-441EBB61E4A2}"
EndProject
Project("{FAE04EC0-301F-11D3-BF4B-00C04F79EFBC}") = "09.SimpleTextEditor", "09.SimpleTextEditor\09.SimpleTextEditor.csproj", "{718EB281-D688-457D-8004-DE02B28C329C}"
EndProject
Global
	GlobalSection(SolutionConfigurationPlatforms) = preSolution
		Debug|Any CPU = Debug|Any CPU
		Release|Any CPU = Release|Any CPU
	EndGlobalSection
	GlobalSection(ProjectConfigurationPlatforms) = postSolution
		{A24F1696-99D6-4DF5-A6E1-E8EE2E7A3C7A}.Debug|Any CPU.ActiveCfg = Debug|Any CPU
		{A24F1696-99D6-4DF5-A6E1-E8EE2E7A3C7A}.Debug|Any CPU.Build.0 = Debug|Any CPU
		{A24F1696-99D6-4DF5-A6E1-E8EE2E7A3C7A}.Release|Any CPU.ActiveCfg = Release|Any CPU
		{A24F1696-99D6-4DF5-A6E1-E8EE2E7A3C7A}.Release|Any CPU.Build.0 = Release|Any CPU
		{872DF345-5E76-4677-8371-5B16509B1272}.Debug|Any CPU.ActiveCfg = Debug|Any CPU
		{872DF345-5E76-4677-8371-5B16509B1272}.Debug|Any CPU.Build.0 = Debug|Any CPU
		{872DF345-5E76-4677-8371-5B16509B1272}.Release|Any CPU.ActiveCfg = Release|Any CPU
		{872DF345-5E76-4677-8371-5B16509B1272}.Release|Any CPU.Build.0 = Release|Any CPU
		{F4672A3F-4E3C-4BF2-A64C-2912618377F6}.Debug|Any CPU.ActiveCfg = Debug|Any CPU
		{F4672A3F-4E3C-4BF2-A64C-2912618377F6}.Debug|Any CPU.Build.0 = Debug|Any CPU
		{F4672A3F-4E3C-4BF2-A64C-2912618377F6}.Release|Any CPU.ActiveCfg = Release|Any CPU
		{F4672A3F-4E3C-4BF2-A64C-2912618377F6}.Release|Any CPU.Build.0 = Release|Any CPU
		{0196147C-47D4-4587-B5A4-14223C2B9A8A}.Debug|Any CPU.ActiveCfg = Debug|Any CPU
		{0196147C-47D4-4587-B5A4-14223C2B9A8A}.Debug|Any CPU.Build.0 = Debug|Any CPU
		{0196147C-47D4-4587-B5A4-14223C2B9A8A}.Release|Any CPU.ActiveCfg = Release|Any CPU
		{0196147C-47D4-4587-B5A4-14223C2B9A8A}.Release|Any CPU.Build.0 = Release|Any CPU
		{3C2399DE-45E4-4939-B34F-ACBEB49CA302}.Debug|Any CPU.ActiveCfg = Debug|Any CPU
		{3C2399DE-45E4-4939-B34F-ACBEB49CA302}.Debug|Any CPU.Build.0 = Debug|Any CPU
		{3C2399DE-45E4-4939-B34F-ACBEB49CA302}.Release|Any CPU.ActiveCfg = Release|Any CPU
		{3C2399DE-45E4-4939-B34F-ACBEB49CA302}.Release|Any CPU.Build.0 = Release|Any CPU
		{BF169870-7169-4604-9E14-AEDC9C5A589E}.Debug|Any CPU.ActiveCfg = Debug|Any CPU
		{BF169870-7169-4604-9E14-AEDC9C5A589E}.Debug|Any CPU.Build.0 = Debug|Any CPU
		{BF169870-7169-4604-9E14-AEDC9C5A589E}.Release|Any CPU.ActiveCfg = Release|Any CPU
		{BF169870-7169-4604-9E14-AEDC9C5A589E}.Release|Any CPU.Build.0 = Release|Any CPU
		{3A630573-496C-4DE4-959D-35291FA34847}.Debug|Any CPU.ActiveCfg = Debug|Any CPU
		{3A630573-496C-4DE4-959D-35291FA34847}.Debug|Any CPU.Build.0 = Debug|Any CPU
		{3A630573-496C-4DE4-959D-35291FA34847}.Release|Any CPU.ActiveCfg = Release|Any CPU
		{3A630573-496C-4DE4-959D-35291FA34847}.Release|Any CPU.Build.0 = Release|Any CPU
		{75D3828E-14BF-49C3-B1B6-441EBB61E4A2}.Debug|Any CPU.ActiveCfg = Debug|Any CPU
		{75D3828E-14BF-49C3-B1B6-441EBB61E4A2}.Debug|Any CPU.Build.0 = Debug|Any CPU
		{75D3828E-14BF-49C3-B1B6-441EBB61E4A2}.Release|Any CPU.ActiveCfg = Release|Any CPU
		{75D3828E-14BF-49C3-B1B6-441EBB61E4A2}.Release|Any CPU.Build.0 = Release|Any CPU
		{718EB281-D688-457D-8004-DE02B28C329C}.Debug|Any CPU.ActiveCfg = Debug|Any CPU
		{718EB281-D688-457D-8004-DE02B28C329C}.Debug|Any CPU.Build.0 = Debug|Any CPU
		{718EB281-D688-457D-8004-DE02B28C329C}.Release|Any CPU.ActiveCfg = Release|Any CPU
		{718EB281-D688-457D-8004-DE02B28C329C}.Release|Any CPU.Build.0 = Release|Any CPU
	EndGlobalSection
	GlobalSection(SolutionProperties) = preSolution
		HideSolutionNode = FALSE
	EndGlobalSection
	GlobalSection(ExtensibilityGlobals) = postSolution
		SolutionGuid = {7C28B918-66AD-4B46-9B38-1E259462CA04}
	EndGlobalSection
EndGlobal
